// !$*UTF8*$!
{
	archiveVersion = 1;
	classes = {
	};
	objectVersion = 46;
	objects = {

/* Begin PBXBuildFile section */
		230900161CFF1F6A003E6E81 /* LoginViewModel.m in Sources */ = {isa = PBXBuildFile; fileRef = 230900151CFF1F6A003E6E81 /* LoginViewModel.m */; };
		23C5623E1CFC84B2008E1238 /* main.m in Sources */ = {isa = PBXBuildFile; fileRef = 23C5623D1CFC84B2008E1238 /* main.m */; };
		23C562411CFC84B2008E1238 /* AppDelegate.m in Sources */ = {isa = PBXBuildFile; fileRef = 23C562401CFC84B2008E1238 /* AppDelegate.m */; };
		23C562441CFC84B2008E1238 /* ViewController.m in Sources */ = {isa = PBXBuildFile; fileRef = 23C562431CFC84B2008E1238 /* ViewController.m */; };
		23C562471CFC84B2008E1238 /* Main.storyboard in Resources */ = {isa = PBXBuildFile; fileRef = 23C562451CFC84B2008E1238 /* Main.storyboard */; };
		23C562491CFC84B2008E1238 /* Assets.xcassets in Resources */ = {isa = PBXBuildFile; fileRef = 23C562481CFC84B2008E1238 /* Assets.xcassets */; };
		23C5624C1CFC84B2008E1238 /* LaunchScreen.storyboard in Resources */ = {isa = PBXBuildFile; fileRef = 23C5624A1CFC84B2008E1238 /* LaunchScreen.storyboard */; };
		23C562571CFC84B2008E1238 /* ReactiveCocoaBaseTests.m in Sources */ = {isa = PBXBuildFile; fileRef = 23C562561CFC84B2008E1238 /* ReactiveCocoaBaseTests.m */; };
		23C562621CFC84B2008E1238 /* ReactiveCocoaBaseUITests.m in Sources */ = {isa = PBXBuildFile; fileRef = 23C562611CFC84B2008E1238 /* ReactiveCocoaBaseUITests.m */; };
		2CC35AD12F1D3F0A00B962BF /* Pods_ReactiveCocoaBaseUITests.framework in Frameworks */ = {isa = PBXBuildFile; fileRef = 6431911204173C32F690E488 /* Pods_ReactiveCocoaBaseUITests.framework */; };
		625157E8AE33DD27315C356C /* Pods_ReactiveCocoaBase.framework in Frameworks */ = {isa = PBXBuildFile; fileRef = 7BAA63E00E2D35535F8F31E2 /* Pods_ReactiveCocoaBase.framework */; };
		7038509135685D9D07D47FE3 /* Pods_ReactiveCocoaBaseTests.framework in Frameworks */ = {isa = PBXBuildFile; fileRef = 7E9A134D7909B530F2C1382E /* Pods_ReactiveCocoaBaseTests.framework */; };
/* End PBXBuildFile section */

/* Begin PBXContainerItemProxy section */
		23C562531CFC84B2008E1238 /* PBXContainerItemProxy */ = {
			isa = PBXContainerItemProxy;
			containerPortal = 23C562311CFC84B2008E1238 /* Project object */;
			proxyType = 1;
			remoteGlobalIDString = 23C562381CFC84B2008E1238;
			remoteInfo = ReactiveCocoaBase;
		};
		23C5625E1CFC84B2008E1238 /* PBXContainerItemProxy */ = {
			isa = PBXContainerItemProxy;
			containerPortal = 23C562311CFC84B2008E1238 /* Project object */;
			proxyType = 1;
			remoteGlobalIDString = 23C562381CFC84B2008E1238;
			remoteInfo = ReactiveCocoaBase;
		};
/* End PBXContainerItemProxy section */

/* Begin PBXFileReference section */
		230900141CFF1F6A003E6E81 /* LoginViewModel.h */ = {isa = PBXFileReference; fileEncoding = 4; lastKnownFileType = sourcecode.c.h; path = LoginViewModel.h; sourceTree = "<group>"; };
		230900151CFF1F6A003E6E81 /* LoginViewModel.m */ = {isa = PBXFileReference; fileEncoding = 4; lastKnownFileType = sourcecode.c.objc; path = LoginViewModel.m; sourceTree = "<group>"; };
		23C562391CFC84B2008E1238 /* ReactiveCocoaBase.app */ = {isa = PBXFileReference; explicitFileType = wrapper.application; includeInIndex = 0; path = ReactiveCocoaBase.app; sourceTree = BUILT_PRODUCTS_DIR; };
		23C5623D1CFC84B2008E1238 /* main.m */ = {isa = PBXFileReference; lastKnownFileType = sourcecode.c.objc; path = main.m; sourceTree = "<group>"; };
		23C5623F1CFC84B2008E1238 /* AppDelegate.h */ = {isa = PBXFileReference; lastKnownFileType = sourcecode.c.h; path = AppDelegate.h; sourceTree = "<group>"; };
		23C562401CFC84B2008E1238 /* AppDelegate.m */ = {isa = PBXFileReference; lastKnownFileType = sourcecode.c.objc; path = AppDelegate.m; sourceTree = "<group>"; };
		23C562421CFC84B2008E1238 /* ViewController.h */ = {isa = PBXFileReference; lastKnownFileType = sourcecode.c.h; path = ViewController.h; sourceTree = "<group>"; };
		23C562431CFC84B2008E1238 /* ViewController.m */ = {isa = PBXFileReference; lastKnownFileType = sourcecode.c.objc; path = ViewController.m; sourceTree = "<group>"; };
		23C562461CFC84B2008E1238 /* Base */ = {isa = PBXFileReference; lastKnownFileType = file.storyboard; name = Base; path = Base.lproj/Main.storyboard; sourceTree = "<group>"; };
		23C562481CFC84B2008E1238 /* Assets.xcassets */ = {isa = PBXFileReference; lastKnownFileType = folder.assetcatalog; path = Assets.xcassets; sourceTree = "<group>"; };
		23C5624B1CFC84B2008E1238 /* Base */ = {isa = PBXFileReference; lastKnownFileType = file.storyboard; name = Base; path = Base.lproj/LaunchScreen.storyboard; sourceTree = "<group>"; };
		23C5624D1CFC84B2008E1238 /* Info.plist */ = {isa = PBXFileReference; lastKnownFileType = text.plist.xml; path = Info.plist; sourceTree = "<group>"; };
		23C562521CFC84B2008E1238 /* ReactiveCocoaBaseTests.xctest */ = {isa = PBXFileReference; explicitFileType = wrapper.cfbundle; includeInIndex = 0; path = ReactiveCocoaBaseTests.xctest; sourceTree = BUILT_PRODUCTS_DIR; };
		23C562561CFC84B2008E1238 /* ReactiveCocoaBaseTests.m */ = {isa = PBXFileReference; lastKnownFileType = sourcecode.c.objc; path = ReactiveCocoaBaseTests.m; sourceTree = "<group>"; };
		23C562581CFC84B2008E1238 /* Info.plist */ = {isa = PBXFileReference; lastKnownFileType = text.plist.xml; path = Info.plist; sourceTree = "<group>"; };
		23C5625D1CFC84B2008E1238 /* ReactiveCocoaBaseUITests.xctest */ = {isa = PBXFileReference; explicitFileType = wrapper.cfbundle; includeInIndex = 0; path = ReactiveCocoaBaseUITests.xctest; sourceTree = BUILT_PRODUCTS_DIR; };
		23C562611CFC84B2008E1238 /* ReactiveCocoaBaseUITests.m */ = {isa = PBXFileReference; lastKnownFileType = sourcecode.c.objc; path = ReactiveCocoaBaseUITests.m; sourceTree = "<group>"; };
		23C562631CFC84B2008E1238 /* Info.plist */ = {isa = PBXFileReference; lastKnownFileType = text.plist.xml; path = Info.plist; sourceTree = "<group>"; };
		23C562701CFC8B10008E1238 /* GlobalHeader.h */ = {isa = PBXFileReference; lastKnownFileType = sourcecode.c.h; path = GlobalHeader.h; sourceTree = "<group>"; };
		3DBFBAF6C953ED0C43D9100C /* Pods-ReactiveCocoaBase.debug.xcconfig */ = {isa = PBXFileReference; includeInIndex = 1; lastKnownFileType = text.xcconfig; name = "Pods-ReactiveCocoaBase.debug.xcconfig"; path = "Pods/Target Support Files/Pods-ReactiveCocoaBase/Pods-ReactiveCocoaBase.debug.xcconfig"; sourceTree = "<group>"; };
		5CC9C9F744E117EA31C65A82 /* Pods-ReactiveCocoaBaseTests.debug.xcconfig */ = {isa = PBXFileReference; includeInIndex = 1; lastKnownFileType = text.xcconfig; name = "Pods-ReactiveCocoaBaseTests.debug.xcconfig"; path = "Pods/Target Support Files/Pods-ReactiveCocoaBaseTests/Pods-ReactiveCocoaBaseTests.debug.xcconfig"; sourceTree = "<group>"; };
		62E7105A3FF74F6A1DE29EBA /* Pods-ReactiveCocoaBaseUITests.release.xcconfig */ = {isa = PBXFileReference; includeInIndex = 1; lastKnownFileType = text.xcconfig; name = "Pods-ReactiveCocoaBaseUITests.release.xcconfig"; path = "Pods/Target Support Files/Pods-ReactiveCocoaBaseUITests/Pods-ReactiveCocoaBaseUITests.release.xcconfig"; sourceTree = "<group>"; };
		6431911204173C32F690E488 /* Pods_ReactiveCocoaBaseUITests.framework */ = {isa = PBXFileReference; explicitFileType = wrapper.framework; includeInIndex = 0; path = Pods_ReactiveCocoaBaseUITests.framework; sourceTree = BUILT_PRODUCTS_DIR; };
		65E40BDD6682F774A032ED3A /* Pods-ReactiveCocoaBase.release.xcconfig */ = {isa = PBXFileReference; includeInIndex = 1; lastKnownFileType = text.xcconfig; name = "Pods-ReactiveCocoaBase.release.xcconfig"; path = "Pods/Target Support Files/Pods-ReactiveCocoaBase/Pods-ReactiveCocoaBase.release.xcconfig"; sourceTree = "<group>"; };
		7BAA63E00E2D35535F8F31E2 /* Pods_ReactiveCocoaBase.framework */ = {isa = PBXFileReference; explicitFileType = wrapper.framework; includeInIndex = 0; path = Pods_ReactiveCocoaBase.framework; sourceTree = BUILT_PRODUCTS_DIR; };
		7E08DDE1D75E895861ADF04B /* Pods-ReactiveCocoaBaseTests.release.xcconfig */ = {isa = PBXFileReference; includeInIndex = 1; lastKnownFileType = text.xcconfig; name = "Pods-ReactiveCocoaBaseTests.release.xcconfig"; path = "Pods/Target Support Files/Pods-ReactiveCocoaBaseTests/Pods-ReactiveCocoaBaseTests.release.xcconfig"; sourceTree = "<group>"; };
		7E9A134D7909B530F2C1382E /* Pods_ReactiveCocoaBaseTests.framework */ = {isa = PBXFileReference; explicitFileType = wrapper.framework; includeInIndex = 0; path = Pods_ReactiveCocoaBaseTests.framework; sourceTree = BUILT_PRODUCTS_DIR; };
		E909D68FB4CBA4198FEFF389 /* Pods-ReactiveCocoaBaseUITests.debug.xcconfig */ = {isa = PBXFileReference; includeInIndex = 1; lastKnownFileType = text.xcconfig; name = "Pods-ReactiveCocoaBaseUITests.debug.xcconfig"; path = "Pods/Target Support Files/Pods-ReactiveCocoaBaseUITests/Pods-ReactiveCocoaBaseUITests.debug.xcconfig"; sourceTree = "<group>"; };
/* End PBXFileReference section */

/* Begin PBXFrameworksBuildPhase section */
		23C562361CFC84B2008E1238 /* Frameworks */ = {
			isa = PBXFrameworksBuildPhase;
			buildActionMask = 2147483647;
			files = (
				625157E8AE33DD27315C356C /* Pods_ReactiveCocoaBase.framework in Frameworks */,
			);
			runOnlyForDeploymentPostprocessing = 0;
		};
		23C5624F1CFC84B2008E1238 /* Frameworks */ = {
			isa = PBXFrameworksBuildPhase;
			buildActionMask = 2147483647;
			files = (
				7038509135685D9D07D47FE3 /* Pods_ReactiveCocoaBaseTests.framework in Frameworks */,
			);
			runOnlyForDeploymentPostprocessing = 0;
		};
		23C5625A1CFC84B2008E1238 /* Frameworks */ = {
			isa = PBXFrameworksBuildPhase;
			buildActionMask = 2147483647;
			files = (
				2CC35AD12F1D3F0A00B962BF /* Pods_ReactiveCocoaBaseUITests.framework in Frameworks */,
			);
			runOnlyForDeploymentPostprocessing = 0;
		};
/* End PBXFrameworksBuildPhase section */

/* Begin PBXGroup section */
		23C562301CFC84B2008E1238 = {
			isa = PBXGroup;
			children = (
				23C5623B1CFC84B2008E1238 /* ReactiveCocoaBase */,
				23C562551CFC84B2008E1238 /* ReactiveCocoaBaseTests */,
				23C562601CFC84B2008E1238 /* ReactiveCocoaBaseUITests */,
				23C5623A1CFC84B2008E1238 /* Products */,
				6368B13664023BE7A873F880 /* Pods */,
				4C29F394C7C8E24BE74682E5 /* Frameworks */,
			);
			sourceTree = "<group>";
		};
		23C5623A1CFC84B2008E1238 /* Products */ = {
			isa = PBXGroup;
			children = (
				23C562391CFC84B2008E1238 /* ReactiveCocoaBase.app */,
				23C562521CFC84B2008E1238 /* ReactiveCocoaBaseTests.xctest */,
				23C5625D1CFC84B2008E1238 /* ReactiveCocoaBaseUITests.xctest */,
			);
			name = Products;
			sourceTree = "<group>";
		};
		23C5623B1CFC84B2008E1238 /* ReactiveCocoaBase */ = {
			isa = PBXGroup;
			children = (
				23C5623F1CFC84B2008E1238 /* AppDelegate.h */,
				23C562401CFC84B2008E1238 /* AppDelegate.m */,
				23C562421CFC84B2008E1238 /* ViewController.h */,
				23C562431CFC84B2008E1238 /* ViewController.m */,
				230900141CFF1F6A003E6E81 /* LoginViewModel.h */,
				230900151CFF1F6A003E6E81 /* LoginViewModel.m */,
				23C562451CFC84B2008E1238 /* Main.storyboard */,
				23C562481CFC84B2008E1238 /* Assets.xcassets */,
				23C5624A1CFC84B2008E1238 /* LaunchScreen.storyboard */,
				23C5624D1CFC84B2008E1238 /* Info.plist */,
				23C5623C1CFC84B2008E1238 /* Supporting Files */,
			);
			path = ReactiveCocoaBase;
			sourceTree = "<group>";
		};
		23C5623C1CFC84B2008E1238 /* Supporting Files */ = {
			isa = PBXGroup;
			children = (
				23C5623D1CFC84B2008E1238 /* main.m */,
				23C562701CFC8B10008E1238 /* GlobalHeader.h */,
			);
			name = "Supporting Files";
			sourceTree = "<group>";
		};
		23C562551CFC84B2008E1238 /* ReactiveCocoaBaseTests */ = {
			isa = PBXGroup;
			children = (
				23C562561CFC84B2008E1238 /* ReactiveCocoaBaseTests.m */,
				23C562581CFC84B2008E1238 /* Info.plist */,
			);
			path = ReactiveCocoaBaseTests;
			sourceTree = "<group>";
		};
		23C562601CFC84B2008E1238 /* ReactiveCocoaBaseUITests */ = {
			isa = PBXGroup;
			children = (
				23C562611CFC84B2008E1238 /* ReactiveCocoaBaseUITests.m */,
				23C562631CFC84B2008E1238 /* Info.plist */,
			);
			path = ReactiveCocoaBaseUITests;
			sourceTree = "<group>";
		};
		4C29F394C7C8E24BE74682E5 /* Frameworks */ = {
			isa = PBXGroup;
			children = (
				7BAA63E00E2D35535F8F31E2 /* Pods_ReactiveCocoaBase.framework */,
				7E9A134D7909B530F2C1382E /* Pods_ReactiveCocoaBaseTests.framework */,
				6431911204173C32F690E488 /* Pods_ReactiveCocoaBaseUITests.framework */,
			);
			name = Frameworks;
			sourceTree = "<group>";
		};
		6368B13664023BE7A873F880 /* Pods */ = {
			isa = PBXGroup;
			children = (
				3DBFBAF6C953ED0C43D9100C /* Pods-ReactiveCocoaBase.debug.xcconfig */,
				65E40BDD6682F774A032ED3A /* Pods-ReactiveCocoaBase.release.xcconfig */,
				5CC9C9F744E117EA31C65A82 /* Pods-ReactiveCocoaBaseTests.debug.xcconfig */,
				7E08DDE1D75E895861ADF04B /* Pods-ReactiveCocoaBaseTests.release.xcconfig */,
				E909D68FB4CBA4198FEFF389 /* Pods-ReactiveCocoaBaseUITests.debug.xcconfig */,
				62E7105A3FF74F6A1DE29EBA /* Pods-ReactiveCocoaBaseUITests.release.xcconfig */,
			);
			name = Pods;
			sourceTree = "<group>";
		};
/* End PBXGroup section */

/* Begin PBXNativeTarget section */
		23C562381CFC84B2008E1238 /* ReactiveCocoaBase */ = {
			isa = PBXNativeTarget;
			buildConfigurationList = 23C562661CFC84B2008E1238 /* Build configuration list for PBXNativeTarget "ReactiveCocoaBase" */;
			buildPhases = (
				4FB4774041C053CF49FDB60F /* 📦 Check Pods Manifest.lock */,
				23C562351CFC84B2008E1238 /* Sources */,
				23C562361CFC84B2008E1238 /* Frameworks */,
				23C562371CFC84B2008E1238 /* Resources */,
				2EE1258EF2B38AC642A928E9 /* 📦 Embed Pods Frameworks */,
				0FA881AFDCFA2D5B755CFEB1 /* 📦 Copy Pods Resources */,
			);
			buildRules = (
			);
			dependencies = (
			);
			name = ReactiveCocoaBase;
			productName = ReactiveCocoaBase;
			productReference = 23C562391CFC84B2008E1238 /* ReactiveCocoaBase.app */;
			productType = "com.apple.product-type.application";
		};
		23C562511CFC84B2008E1238 /* ReactiveCocoaBaseTests */ = {
			isa = PBXNativeTarget;
			buildConfigurationList = 23C562691CFC84B2008E1238 /* Build configuration list for PBXNativeTarget "ReactiveCocoaBaseTests" */;
			buildPhases = (
				6CAE0EB49539E997B627AF6D /* 📦 Check Pods Manifest.lock */,
				23C5624E1CFC84B2008E1238 /* Sources */,
				23C5624F1CFC84B2008E1238 /* Frameworks */,
				23C562501CFC84B2008E1238 /* Resources */,
				A1659576837D22AA31C9AE24 /* 📦 Embed Pods Frameworks */,
				EFF503521ED22FCB6E86D4B2 /* 📦 Copy Pods Resources */,
			);
			buildRules = (
			);
			dependencies = (
				23C562541CFC84B2008E1238 /* PBXTargetDependency */,
			);
			name = ReactiveCocoaBaseTests;
			productName = ReactiveCocoaBaseTests;
			productReference = 23C562521CFC84B2008E1238 /* ReactiveCocoaBaseTests.xctest */;
			productType = "com.apple.product-type.bundle.unit-test";
		};
		23C5625C1CFC84B2008E1238 /* ReactiveCocoaBaseUITests */ = {
			isa = PBXNativeTarget;
			buildConfigurationList = 23C5626C1CFC84B2008E1238 /* Build configuration list for PBXNativeTarget "ReactiveCocoaBaseUITests" */;
			buildPhases = (
				D9333778A178F9BA72B8EFDA /* 📦 Check Pods Manifest.lock */,
				23C562591CFC84B2008E1238 /* Sources */,
				23C5625A1CFC84B2008E1238 /* Frameworks */,
				23C5625B1CFC84B2008E1238 /* Resources */,
				DA9BEEEADAD2EC1769F92F94 /* 📦 Copy Pods Resources */,
			);
			buildRules = (
			);
			dependencies = (
				23C5625F1CFC84B2008E1238 /* PBXTargetDependency */,
			);
			name = ReactiveCocoaBaseUITests;
			productName = ReactiveCocoaBaseUITests;
			productReference = 23C5625D1CFC84B2008E1238 /* ReactiveCocoaBaseUITests.xctest */;
			productType = "com.apple.product-type.bundle.ui-testing";
		};
/* End PBXNativeTarget section */

/* Begin PBXProject section */
		23C562311CFC84B2008E1238 /* Project object */ = {
			isa = PBXProject;
			attributes = {
				LastUpgradeCheck = 0730;
				ORGANIZATIONNAME = CrabMan;
				TargetAttributes = {
					23C562381CFC84B2008E1238 = {
						CreatedOnToolsVersion = 7.3.1;
						DevelopmentTeam = 2NRHBB3CT7;
					};
					23C562511CFC84B2008E1238 = {
						CreatedOnToolsVersion = 7.3.1;
						DevelopmentTeam = 2NRHBB3CT7;
						TestTargetID = 23C562381CFC84B2008E1238;
					};
					23C5625C1CFC84B2008E1238 = {
						CreatedOnToolsVersion = 7.3.1;
						DevelopmentTeam = 2NRHBB3CT7;
						TestTargetID = 23C562381CFC84B2008E1238;
					};
				};
			};
			buildConfigurationList = 23C562341CFC84B2008E1238 /* Build configuration list for PBXProject "ReactiveCocoaBase" */;
			compatibilityVersion = "Xcode 3.2";
			developmentRegion = English;
			hasScannedForEncodings = 0;
			knownRegions = (
				en,
				Base,
			);
			mainGroup = 23C562301CFC84B2008E1238;
			productRefGroup = 23C5623A1CFC84B2008E1238 /* Products */;
			projectDirPath = "";
			projectRoot = "";
			targets = (
				23C562381CFC84B2008E1238 /* ReactiveCocoaBase */,
				23C562511CFC84B2008E1238 /* ReactiveCocoaBaseTests */,
				23C5625C1CFC84B2008E1238 /* ReactiveCocoaBaseUITests */,
			);
		};
/* End PBXProject section */

/* Begin PBXResourcesBuildPhase section */
		23C562371CFC84B2008E1238 /* Resources */ = {
			isa = PBXResourcesBuildPhase;
			buildActionMask = 2147483647;
			files = (
				23C5624C1CFC84B2008E1238 /* LaunchScreen.storyboard in Resources */,
				23C562491CFC84B2008E1238 /* Assets.xcassets in Resources */,
				23C562471CFC84B2008E1238 /* Main.storyboard in Resources */,
			);
			runOnlyForDeploymentPostprocessing = 0;
		};
		23C562501CFC84B2008E1238 /* Resources */ = {
			isa = PBXResourcesBuildPhase;
			buildActionMask = 2147483647;
			files = (
			);
			runOnlyForDeploymentPostprocessing = 0;
		};
		23C5625B1CFC84B2008E1238 /* Resources */ = {
			isa = PBXResourcesBuildPhase;
			buildActionMask = 2147483647;
			files = (
			);
			runOnlyForDeploymentPostprocessing = 0;
		};
/* End PBXResourcesBuildPhase section */

/* Begin PBXShellScriptBuildPhase section */
		0FA881AFDCFA2D5B755CFEB1 /* 📦 Copy Pods Resources */ = {
			isa = PBXShellScriptBuildPhase;
			buildActionMask = 2147483647;
			files = (
			);
			inputPaths = (
			);
			name = "📦 Copy Pods Resources";
			outputPaths = (
			);
			runOnlyForDeploymentPostprocessing = 0;
			shellPath = /bin/sh;
			shellScript = "\"${SRCROOT}/Pods/Target Support Files/Pods-ReactiveCocoaBase/Pods-ReactiveCocoaBase-resources.sh\"\n";
			showEnvVarsInLog = 0;
		};
		2EE1258EF2B38AC642A928E9 /* 📦 Embed Pods Frameworks */ = {
			isa = PBXShellScriptBuildPhase;
			buildActionMask = 2147483647;
			files = (
			);
			inputPaths = (
			);
			name = "📦 Embed Pods Frameworks";
			outputPaths = (
			);
			runOnlyForDeploymentPostprocessing = 0;
			shellPath = /bin/sh;
			shellScript = "\"${SRCROOT}/Pods/Target Support Files/Pods-ReactiveCocoaBase/Pods-ReactiveCocoaBase-frameworks.sh\"\n";
			showEnvVarsInLog = 0;
		};
		4FB4774041C053CF49FDB60F /* 📦 Check Pods Manifest.lock */ = {
			isa = PBXShellScriptBuildPhase;
			buildActionMask = 2147483647;
			files = (
			);
			inputPaths = (
			);
			name = "📦 Check Pods Manifest.lock";
			outputPaths = (
			);
			runOnlyForDeploymentPostprocessing = 0;
			shellPath = /bin/sh;
			shellScript = "diff \"${PODS_ROOT}/../Podfile.lock\" \"${PODS_ROOT}/Manifest.lock\" > /dev/null\nif [[ $? != 0 ]] ; then\n    cat << EOM\nerror: The sandbox is not in sync with the Podfile.lock. Run 'pod install' or update your CocoaPods installation.\nEOM\n    exit 1\nfi\n";
			showEnvVarsInLog = 0;
		};
		6CAE0EB49539E997B627AF6D /* 📦 Check Pods Manifest.lock */ = {
			isa = PBXShellScriptBuildPhase;
			buildActionMask = 2147483647;
			files = (
			);
			inputPaths = (
			);
			name = "📦 Check Pods Manifest.lock";
			outputPaths = (
			);
			runOnlyForDeploymentPostprocessing = 0;
			shellPath = /bin/sh;
			shellScript = "diff \"${PODS_ROOT}/../Podfile.lock\" \"${PODS_ROOT}/Manifest.lock\" > /dev/null\nif [[ $? != 0 ]] ; then\n    cat << EOM\nerror: The sandbox is not in sync with the Podfile.lock. Run 'pod install' or update your CocoaPods installation.\nEOM\n    exit 1\nfi\n";
			showEnvVarsInLog = 0;
		};
		A1659576837D22AA31C9AE24 /* 📦 Embed Pods Frameworks */ = {
			isa = PBXShellScriptBuildPhase;
			buildActionMask = 2147483647;
			files = (
			);
			inputPaths = (
			);
			name = "📦 Embed Pods Frameworks";
			outputPaths = (
			);
			runOnlyForDeploymentPostprocessing = 0;
			shellPath = /bin/sh;
			shellScript = "\"${SRCROOT}/Pods/Target Support Files/Pods-ReactiveCocoaBaseTests/Pods-ReactiveCocoaBaseTests-frameworks.sh\"\n";
			showEnvVarsInLog = 0;
		};
		D9333778A178F9BA72B8EFDA /* 📦 Check Pods Manifest.lock */ = {
			isa = PBXShellScriptBuildPhase;
			buildActionMask = 2147483647;
			files = (
			);
			inputPaths = (
			);
			name = "📦 Check Pods Manifest.lock";
			outputPaths = (
			);
			runOnlyForDeploymentPostprocessing = 0;
			shellPath = /bin/sh;
			shellScript = "diff \"${PODS_ROOT}/../Podfile.lock\" \"${PODS_ROOT}/Manifest.lock\" > /dev/null\nif [[ $? != 0 ]] ; then\n    cat << EOM\nerror: The sandbox is not in sync with the Podfile.lock. Run 'pod install' or update your CocoaPods installation.\nEOM\n    exit 1\nfi\n";
			showEnvVarsInLog = 0;
		};
		DA9BEEEADAD2EC1769F92F94 /* 📦 Copy Pods Resources */ = {
			isa = PBXShellScriptBuildPhase;
			buildActionMask = 2147483647;
			files = (
			);
			inputPaths = (
			);
			name = "📦 Copy Pods Resources";
			outputPaths = (
			);
			runOnlyForDeploymentPostprocessing = 0;
			shellPath = /bin/sh;
			shellScript = "\"${SRCROOT}/Pods/Target Support Files/Pods-ReactiveCocoaBaseUITests/Pods-ReactiveCocoaBaseUITests-resources.sh\"\n";
			showEnvVarsInLog = 0;
		};
		EFF503521ED22FCB6E86D4B2 /* 📦 Copy Pods Resources */ = {
			isa = PBXShellScriptBuildPhase;
			buildActionMask = 2147483647;
			files = (
			);
			inputPaths = (
			);
			name = "📦 Copy Pods Resources";
			outputPaths = (
			);
			runOnlyForDeploymentPostprocessing = 0;
			shellPath = /bin/sh;
			shellScript = "\"${SRCROOT}/Pods/Target Support Files/Pods-ReactiveCocoaBaseTests/Pods-ReactiveCocoaBaseTests-resources.sh\"\n";
			showEnvVarsInLog = 0;
		};
/* End PBXShellScriptBuildPhase section */

/* Begin PBXSourcesBuildPhase section */
		23C562351CFC84B2008E1238 /* Sources */ = {
			isa = PBXSourcesBuildPhase;
			buildActionMask = 2147483647;
			files = (
				230900161CFF1F6A003E6E81 /* LoginViewModel.m in Sources */,
				23C562441CFC84B2008E1238 /* ViewController.m in Sources */,
				23C562411CFC84B2008E1238 /* AppDelegate.m in Sources */,
				23C5623E1CFC84B2008E1238 /* main.m in Sources */,
			);
			runOnlyForDeploymentPostprocessing = 0;
		};
		23C5624E1CFC84B2008E1238 /* Sources */ = {
			isa = PBXSourcesBuildPhase;
			buildActionMask = 2147483647;
			files = (
				23C562571CFC84B2008E1238 /* ReactiveCocoaBaseTests.m in Sources */,
			);
			runOnlyForDeploymentPostprocessing = 0;
		};
		23C562591CFC84B2008E1238 /* Sources */ = {
			isa = PBXSourcesBuildPhase;
			buildActionMask = 2147483647;
			files = (
				23C562621CFC84B2008E1238 /* ReactiveCocoaBaseUITests.m in Sources */,
			);
			runOnlyForDeploymentPostprocessing = 0;
		};
/* End PBXSourcesBuildPhase section */

/* Begin PBXTargetDependency section */
		23C562541CFC84B2008E1238 /* PBXTargetDependency */ = {
			isa = PBXTargetDependency;
			target = 23C562381CFC84B2008E1238 /* ReactiveCocoaBase */;
			targetProxy = 23C562531CFC84B2008E1238 /* PBXContainerItemProxy */;
		};
		23C5625F1CFC84B2008E1238 /* PBXTargetDependency */ = {
			isa = PBXTargetDependency;
			target = 23C562381CFC84B2008E1238 /* ReactiveCocoaBase */;
			targetProxy = 23C5625E1CFC84B2008E1238 /* PBXContainerItemProxy */;
		};
/* End PBXTargetDependency section */

/* Begin PBXVariantGroup section */
		23C562451CFC84B2008E1238 /* Main.storyboard */ = {
			isa = PBXVariantGroup;
			children = (
				23C562461CFC84B2008E1238 /* Base */,
			);
			name = Main.storyboard;
			sourceTree = "<group>";
		};
		23C5624A1CFC84B2008E1238 /* LaunchScreen.storyboard */ = {
			isa = PBXVariantGroup;
			children = (
				23C5624B1CFC84B2008E1238 /* Base */,
			);
			name = LaunchScreen.storyboard;
			sourceTree = "<group>";
		};
/* End PBXVariantGroup section */

/* Begin XCBuildConfiguration section */
		23C562641CFC84B2008E1238 /* Debug */ = {
			isa = XCBuildConfiguration;
			buildSettings = {
				ALWAYS_SEARCH_USER_PATHS = NO;
				CLANG_ANALYZER_NONNULL = YES;
				CLANG_CXX_LANGUAGE_STANDARD = "gnu++0x";
				CLANG_CXX_LIBRARY = "libc++";
				CLANG_ENABLE_MODULES = YES;
				CLANG_ENABLE_OBJC_ARC = YES;
				CLANG_WARN_BOOL_CONVERSION = YES;
				CLANG_WARN_CONSTANT_CONVERSION = YES;
				CLANG_WARN_DIRECT_OBJC_ISA_USAGE = YES_ERROR;
				CLANG_WARN_EMPTY_BODY = YES;
				CLANG_WARN_ENUM_CONVERSION = YES;
				CLANG_WARN_INT_CONVERSION = YES;
				CLANG_WARN_OBJC_ROOT_CLASS = YES_ERROR;
				CLANG_WARN_UNREACHABLE_CODE = YES;
				CLANG_WARN__DUPLICATE_METHOD_MATCH = YES;
				"CODE_SIGN_IDENTITY[sdk=iphoneos*]" = "iPhone Developer";
				COPY_PHASE_STRIP = NO;
				DEBUG_INFORMATION_FORMAT = dwarf;
				ENABLE_STRICT_OBJC_MSGSEND = YES;
				ENABLE_TESTABILITY = YES;
				GCC_C_LANGUAGE_STANDARD = gnu99;
				GCC_DYNAMIC_NO_PIC = NO;
				GCC_NO_COMMON_BLOCKS = YES;
				GCC_OPTIMIZATION_LEVEL = 0;
				GCC_PREPROCESSOR_DEFINITIONS = (
					"DEBUG=1",
					"$(inherited)",
				);
				GCC_WARN_64_TO_32_BIT_CONVERSION = YES;
				GCC_WARN_ABOUT_RETURN_TYPE = YES_ERROR;
				GCC_WARN_UNDECLARED_SELECTOR = YES;
				GCC_WARN_UNINITIALIZED_AUTOS = YES_AGGRESSIVE;
				GCC_WARN_UNUSED_FUNCTION = YES;
				GCC_WARN_UNUSED_VARIABLE = YES;
				IPHONEOS_DEPLOYMENT_TARGET = 9.3;
				MTL_ENABLE_DEBUG_INFO = YES;
				ONLY_ACTIVE_ARCH = YES;
				SDKROOT = iphoneos;
				TARGETED_DEVICE_FAMILY = "1,2";
			};
			name = Debug;
		};
		23C562651CFC84B2008E1238 /* Release */ = {
			isa = XCBuildConfiguration;
			buildSettings = {
				ALWAYS_SEARCH_USER_PATHS = NO;
				CLANG_ANALYZER_NONNULL = YES;
				CLANG_CXX_LANGUAGE_STANDARD = "gnu++0x";
				CLANG_CXX_LIBRARY = "libc++";
				CLANG_ENABLE_MODULES = YES;
				CLANG_ENABLE_OBJC_ARC = YES;
				CLANG_WARN_BOOL_CONVERSION = YES;
				CLANG_WARN_CONSTANT_CONVERSION = YES;
				CLANG_WARN_DIRECT_OBJC_ISA_USAGE = YES_ERROR;
				CLANG_WARN_EMPTY_BODY = YES;
				CLANG_WARN_ENUM_CONVERSION = YES;
				CLANG_WARN_INT_CONVERSION = YES;
				CLANG_WARN_OBJC_ROOT_CLASS = YES_ERROR;
				CLANG_WARN_UNREACHABLE_CODE = YES;
				CLANG_WARN__DUPLICATE_METHOD_MATCH = YES;
				"CODE_SIGN_IDENTITY[sdk=iphoneos*]" = "iPhone Developer";
				COPY_PHASE_STRIP = NO;
				DEBUG_INFORMATION_FORMAT = "dwarf-with-dsym";
				ENABLE_NS_ASSERTIONS = NO;
				ENABLE_STRICT_OBJC_MSGSEND = YES;
				GCC_C_LANGUAGE_STANDARD = gnu99;
				GCC_NO_COMMON_BLOCKS = YES;
				GCC_WARN_64_TO_32_BIT_CONVERSION = YES;
				GCC_WARN_ABOUT_RETURN_TYPE = YES_ERROR;
				GCC_WARN_UNDECLARED_SELECTOR = YES;
				GCC_WARN_UNINITIALIZED_AUTOS = YES_AGGRESSIVE;
				GCC_WARN_UNUSED_FUNCTION = YES;
				GCC_WARN_UNUSED_VARIABLE = YES;
				IPHONEOS_DEPLOYMENT_TARGET = 9.3;
				MTL_ENABLE_DEBUG_INFO = NO;
				SDKROOT = iphoneos;
				TARGETED_DEVICE_FAMILY = "1,2";
				VALIDATE_PRODUCT = YES;
			};
			name = Release;
		};
		23C562671CFC84B2008E1238 /* Debug */ = {
			isa = XCBuildConfiguration;
			baseConfigurationReference = 3DBFBAF6C953ED0C43D9100C /* Pods-ReactiveCocoaBase.debug.xcconfig */;
			buildSettings = {
				ASSETCATALOG_COMPILER_APPICON_NAME = AppIcon;
				INFOPLIST_FILE = ReactiveCocoaBase/Info.plist;
				LD_RUNPATH_SEARCH_PATHS = "$(inherited) @executable_path/Frameworks";
				PRODUCT_BUNDLE_IDENTIFIER = CrabMan.ReactiveCocoaBase;
				PRODUCT_NAME = "$(TARGET_NAME)";
			};
			name = Debug;
		};
		23C562681CFC84B2008E1238 /* Release */ = {
			isa = XCBuildConfiguration;
			baseConfigurationReference = 65E40BDD6682F774A032ED3A /* Pods-ReactiveCocoaBase.release.xcconfig */;
			buildSettings = {
				ASSETCATALOG_COMPILER_APPICON_NAME = AppIcon;
				INFOPLIST_FILE = ReactiveCocoaBase/Info.plist;
				LD_RUNPATH_SEARCH_PATHS = "$(inherited) @executable_path/Frameworks";
				PRODUCT_BUNDLE_IDENTIFIER = CrabMan.ReactiveCocoaBase;
				PRODUCT_NAME = "$(TARGET_NAME)";
			};
			name = Release;
		};
		23C5626A1CFC84B2008E1238 /* Debug */ = {
			isa = XCBuildConfiguration;
			baseConfigurationReference = 5CC9C9F744E117EA31C65A82 /* Pods-ReactiveCocoaBaseTests.debug.xcconfig */;
			buildSettings = {
				BUNDLE_LOADER = "$(TEST_HOST)";
				INFOPLIST_FILE = ReactiveCocoaBaseTests/Info.plist;
				LD_RUNPATH_SEARCH_PATHS = "$(inherited) @executable_path/Frameworks @loader_path/Frameworks";
				PRODUCT_BUNDLE_IDENTIFIER = CrabMan.ReactiveCocoaBaseTests;
				PRODUCT_NAME = "$(TARGET_NAME)";
				TEST_HOST = "$(BUILT_PRODUCTS_DIR)/ReactiveCocoaBase.app/ReactiveCocoaBase";
			};
			name = Debug;
		};
		23C5626B1CFC84B2008E1238 /* Release */ = {
			isa = XCBuildConfiguration;
			baseConfigurationReference = 7E08DDE1D75E895861ADF04B /* Pods-ReactiveCocoaBaseTests.release.xcconfig */;
			buildSettings = {
				BUNDLE_LOADER = "$(TEST_HOST)";
				INFOPLIST_FILE = ReactiveCocoaBaseTests/Info.plist;
				LD_RUNPATH_SEARCH_PATHS = "$(inherited) @executable_path/Frameworks @loader_path/Frameworks";
				PRODUCT_BUNDLE_IDENTIFIER = CrabMan.ReactiveCocoaBaseTests;
				PRODUCT_NAME = "$(TARGET_NAME)";
				TEST_HOST = "$(BUILT_PRODUCTS_DIR)/ReactiveCocoaBase.app/ReactiveCocoaBase";
			};
			name = Release;
		};
		23C5626D1CFC84B2008E1238 /* Debug */ = {
			isa = XCBuildConfiguration;
			baseConfigurationReference = E909D68FB4CBA4198FEFF389 /* Pods-ReactiveCocoaBaseUITests.debug.xcconfig */;
			buildSettings = {
				INFOPLIST_FILE = ReactiveCocoaBaseUITests/Info.plist;
				LD_RUNPATH_SEARCH_PATHS = "$(inherited) @executable_path/Frameworks @loader_path/Frameworks";
				PRODUCT_BUNDLE_IDENTIFIER = CrabMan.ReactiveCocoaBaseUITests;
				PRODUCT_NAME = "$(TARGET_NAME)";
				TEST_TARGET_NAME = ReactiveCocoaBase;
			};
			name = Debug;
		};
		23C5626E1CFC84B2008E1238 /* Release */ = {
			isa = XCBuildConfiguration;
			baseConfigurationReference = 62E7105A3FF74F6A1DE29EBA /* Pods-ReactiveCocoaBaseUITests.release.xcconfig */;
			buildSettings = {
				INFOPLIST_FILE = ReactiveCocoaBaseUITests/Info.plist;
				LD_RUNPATH_SEARCH_PATHS = "$(inherited) @executable_path/Frameworks @loader_path/Frameworks";
				PRODUCT_BUNDLE_IDENTIFIER = CrabMan.ReactiveCocoaBaseUITests;
				PRODUCT_NAME = "$(TARGET_NAME)";
				TEST_TARGET_NAME = ReactiveCocoaBase;
			};
			name = Release;
		};
/* End XCBuildConfiguration section */

/* Begin XCConfigurationList section */
		23C562341CFC84B2008E1238 /* Build configuration list for PBXProject "ReactiveCocoaBase" */ = {
			isa = XCConfigurationList;
			buildConfigurations = (
				23C562641CFC84B2008E1238 /* Debug */,
				23C562651CFC84B2008E1238 /* Release */,
			);
			defaultConfigurationIsVisible = 0;
			defaultConfigurationName = Release;
		};
		23C562661CFC84B2008E1238 /* Build configuration list for PBXNativeTarget "ReactiveCocoaBase" */ = {
			isa = XCConfigurationList;
			buildConfigurations = (
				23C562671CFC84B2008E1238 /* Debug */,
				23C562681CFC84B2008E1238 /* Release */,
			);
			defaultConfigurationIsVisible = 0;
			defaultConfigurationName = Release;
		};
		23C562691CFC84B2008E1238 /* Build configuration list for PBXNativeTarget "ReactiveCocoaBaseTests" */ = {
			isa = XCConfigurationList;
			buildConfigurations = (
				23C5626A1CFC84B2008E1238 /* Debug */,
				23C5626B1CFC84B2008E1238 /* Release */,
			);
			defaultConfigurationIsVisible = 0;
			defaultConfigurationName = Release;
		};
		23C5626C1CFC84B2008E1238 /* Build configuration list for PBXNativeTarget "ReactiveCocoaBaseUITests" */ = {
			isa = XCConfigurationList;
			buildConfigurations = (
				23C5626D1CFC84B2008E1238 /* Debug */,
				23C5626E1CFC84B2008E1238 /* Release */,
			);
			defaultConfigurationIsVisible = 0;
			defaultConfigurationName = Release;
		};
/* End XCConfigurationList section */
	};
	rootObject = 23C562311CFC84B2008E1238 /* Project object */;
}
